
Microsoft Visual Studio Solution File, Format Version 12.00
# Visual Studio Version 17
VisualStudioVersion = 17.9.34728.123
MinimumVisualStudioVersion = 10.0.40219.1
Project("{9A19103F-16F7-4668-BE54-9A1E7A4F7556}") = "OrderService", "OrderService.csproj", "{BB708652-627E-4476-AFB3-2F28B3D7FAE1}"
EndProject
Global
	GlobalSection(SolutionConfigurationPlatforms) = preSolution
		Debug|Any CPU = Debug|Any CPU
		Release|Any CPU = Release|Any CPU
	EndGlobalSection
	GlobalSection(ProjectConfigurationPlatforms) = postSolution
		{BB708652-627E-4476-AFB3-2F28B3D7FAE1}.Debug|Any CPU.ActiveCfg = Debug|Any CPU
		{BB708652-627E-4476-AFB3-2F28B3D7FAE1}.Debug|Any CPU.Build.0 = Debug|Any CPU
		{BB708652-627E-4476-AFB3-2F28B3D7FAE1}.Release|Any CPU.ActiveCfg = Release|Any CPU
		{BB708652-627E-4476-AFB3-2F28B3D7FAE1}.Release|Any CPU.Build.0 = Release|Any CPU
	EndGlobalSection
	GlobalSection(SolutionProperties) = preSolution
		HideSolutionNode = FALSE
	EndGlobalSection
	GlobalSection(ExtensibilityGlobals) = postSolution
		SolutionGuid = {F23C6345-06CB-44F2-AECB-BE76745E3F75}
	EndGlobalSection
EndGlobal
